
Microsoft Visual Studio Solution File, Format Version 12.00
# Visual Studio 15
VisualStudioVersion = 15.0.28010.2050
MinimumVisualStudioVersion = 10.0.40219.1
Project("{FAE04EC0-301F-11D3-BF4B-00C04F79EFBC}") = "NHS111.Business.Test", "NHS111.Business.Test\NHS111.Business.Test.csproj", "{8941C3BF-8638-48E3-B55D-6C1CF4258D77}"
EndProject
Project("{FAE04EC0-301F-11D3-BF4B-00C04F79EFBC}") = "NHS111.Business.API.Functional.Tests", "NHS111.Business.API.Functional.Tests\NHS111.Business.API.Functional.Tests.csproj", "{DE766FE8-1094-46D3-8722-3FF7CF4D5458}"
EndProject
Project("{FAE04EC0-301F-11D3-BF4B-00C04F79EFBC}") = "NHS111.Business.DOS.API.Functional.Tests", "NHS111.Business.DOS.API.Functional.Tests\NHS111.Business.DOS.API.Functional.Tests.csproj", "{A85C6B41-A3E8-4989-9F93-F3F2B6CFEC0F}"
EndProject
Project("{FAE04EC0-301F-11D3-BF4B-00C04F79EFBC}") = "NHS111.Business.DOS.Test", "NHS111.Business.DOS.Test\NHS111.Business.DOS.Test.csproj", "{07D22FF9-2862-4DA3-9850-5069CA2B80F9}"
EndProject
Project("{FAE04EC0-301F-11D3-BF4B-00C04F79EFBC}") = "NHS111.Domain.Integration.Test", "NHS111.Domain.Integration.Test\NHS111.Domain.Integration.Test.csproj", "{A4050C4E-171F-464C-872C-77DA5102533E}"
EndProject
Project("{FAE04EC0-301F-11D3-BF4B-00C04F79EFBC}") = "NHS111.Integration.DOS.Api.Functional.Tests", "NHS111.Integration.DOS.Api.Functional.Tests\NHS111.Integration.DOS.Api.Functional.Tests.csproj", "{14B7CD03-883F-4C92-97C7-4B393C5F2D58}"
EndProject
Project("{FAE04EC0-301F-11D3-BF4B-00C04F79EFBC}") = "NHS111.Models.Test", "NHS111.Models.Test\NHS111.Models.Test.csproj", "{E6711F3C-79C3-4D11-B29B-27BDDBD505EE}"
EndProject
Project("{FAE04EC0-301F-11D3-BF4B-00C04F79EFBC}") = "NHS111.Web.Functional.Tests", "NHS111.Web.Functional.Tests\NHS111.Web.Functional.Tests.csproj", "{4EE75651-425E-46C5-9A07-179A94ECF2EA}"
EndProject
Project("{FAE04EC0-301F-11D3-BF4B-00C04F79EFBC}") = "NHS111.Web.Presentation.Test", "NHS111.Web.Test\NHS111.Web.Presentation.Test.csproj", "{3D52E05E-21F7-47BB-8361-594941F49534}"
EndProject
Project("{FAE04EC0-301F-11D3-BF4B-00C04F79EFBC}") = "NHS111.Utils.Test", "NHS111.Utils.Test\NHS111.Utils.Test.csproj", "{52CCE297-BA52-4AB4-B783-DFAB4C08813D}"
EndProject
Project("{2150E333-8FDC-42A3-9474-1A3956D46DE8}") = "Functional", "Functional", "{46D437A7-BC19-488F-82CC-1F21A25CF0A1}"
EndProject
Project("{FAE04EC0-301F-11D3-BF4B-00C04F79EFBC}") = "NHS111.Domain.DOS.API.Functional.Tests", "NHS111.Domain.DOS.API.Functional.Tests\NHS111.Domain.DOS.API.Functional.Tests.csproj", "{49C767D6-3957-44A9-BF91-DC4424890105}"
EndProject
Project("{FAE04EC0-301F-11D3-BF4B-00C04F79EFBC}") = "NHS111.Domain.Api.Functional.Tests", "NHS111.Domain.Functional.Tests\NHS111.Domain.Api.Functional.Tests.csproj", "{3AD560C8-63E7-48CF-89F8-805F92171124}"
EndProject
Project("{FAE04EC0-301F-11D3-BF4B-00C04F79EFBC}") = "NHS111.DOS.Functional.Tests", "NHS111.DOS.Functional.Tests\NHS111.DOS.Functional.Tests.csproj", "{74017923-6AA8-4419-AD41-1F4DE3833AA2}"
EndProject
Project("{FAE04EC0-301F-11D3-BF4B-00C04F79EFBC}") = "NHS111.Web.Functional.Utils", "NHS111.Web.Functional.Utils\NHS111.Web.Functional.Utils.csproj", "{6F80D500-DDA4-4A48-BAF1-276C8E48AF5C}"
EndProject
Project("{2150E333-8FDC-42A3-9474-1A3956D46DE8}") = "Integration", "Integration", "{2969C296-9B68-4629-9C5E-0299618F5054}"
EndProject
Project("{FAE04EC0-301F-11D3-BF4B-00C04F79EFBC}") = "NHS111.Logging.Api.Unit.Test", "NHS111.Logging.Api.Unit.Test\NHS111.Logging.Api.Unit.Test.csproj", "{9053A535-3A79-4536-8901-970933ECB202}"
EndProject
Project("{2150E333-8FDC-42A3-9474-1A3956D46DE8}") = "Unit", "Unit", "{FC482C53-52C4-4336-9A79-C1B6DE4417BE}"
EndProject
Project("{FAE04EC0-301F-11D3-BF4B-00C04F79EFBC}") = "NHS111.Domain.Test", "NHS111.Domain.Test\NHS111.Domain.Test.csproj", "{7D751C02-B695-4C60-B6BC-CE0B351E8F04}"
EndProject
Project("{FAE04EC0-301F-11D3-BF4B-00C04F79EFBC}") = "NHS111.Features.Test", "NHS111.Features.Test\NHS111.Features.Test.csproj", "{E730D232-051D-4B99-A5EE-E0CAD7C67228}"
EndProject
Project("{FAE04EC0-301F-11D3-BF4B-00C04F79EFBC}") = "NHS111.Functional.Tests.Tools", "NHS111.Functional.Tests.Tools\NHS111.Functional.Tests.Tools.csproj", "{287A7A76-88A0-4CBE-AD54-2B6D32FED830}"
EndProject
Global
	GlobalSection(SolutionConfigurationPlatforms) = preSolution
		Debug|Any CPU = Debug|Any CPU
		Release|Any CPU = Release|Any CPU
		UAT|Any CPU = UAT|Any CPU
	EndGlobalSection
	GlobalSection(ProjectConfigurationPlatforms) = postSolution
		{8941C3BF-8638-48E3-B55D-6C1CF4258D77}.Debug|Any CPU.ActiveCfg = Debug|Any CPU
		{8941C3BF-8638-48E3-B55D-6C1CF4258D77}.Debug|Any CPU.Build.0 = Debug|Any CPU
		{8941C3BF-8638-48E3-B55D-6C1CF4258D77}.Release|Any CPU.ActiveCfg = Release|Any CPU
		{8941C3BF-8638-48E3-B55D-6C1CF4258D77}.Release|Any CPU.Build.0 = Release|Any CPU
		{8941C3BF-8638-48E3-B55D-6C1CF4258D77}.UAT|Any CPU.ActiveCfg = UAT|Any CPU
		{8941C3BF-8638-48E3-B55D-6C1CF4258D77}.UAT|Any CPU.Build.0 = UAT|Any CPU
		{DE766FE8-1094-46D3-8722-3FF7CF4D5458}.Debug|Any CPU.ActiveCfg = Debug|Any CPU
		{DE766FE8-1094-46D3-8722-3FF7CF4D5458}.Debug|Any CPU.Build.0 = Debug|Any CPU
		{DE766FE8-1094-46D3-8722-3FF7CF4D5458}.Release|Any CPU.ActiveCfg = Release|Any CPU
		{DE766FE8-1094-46D3-8722-3FF7CF4D5458}.Release|Any CPU.Build.0 = Release|Any CPU
		{DE766FE8-1094-46D3-8722-3FF7CF4D5458}.UAT|Any CPU.ActiveCfg = Release|Any CPU
		{DE766FE8-1094-46D3-8722-3FF7CF4D5458}.UAT|Any CPU.Build.0 = Release|Any CPU
		{A85C6B41-A3E8-4989-9F93-F3F2B6CFEC0F}.Debug|Any CPU.ActiveCfg = Debug|Any CPU
		{A85C6B41-A3E8-4989-9F93-F3F2B6CFEC0F}.Debug|Any CPU.Build.0 = Debug|Any CPU
		{A85C6B41-A3E8-4989-9F93-F3F2B6CFEC0F}.Release|Any CPU.ActiveCfg = Release|Any CPU
		{A85C6B41-A3E8-4989-9F93-F3F2B6CFEC0F}.Release|Any CPU.Build.0 = Release|Any CPU
		{A85C6B41-A3E8-4989-9F93-F3F2B6CFEC0F}.UAT|Any CPU.ActiveCfg = Release|Any CPU
		{A85C6B41-A3E8-4989-9F93-F3F2B6CFEC0F}.UAT|Any CPU.Build.0 = Release|Any CPU
		{07D22FF9-2862-4DA3-9850-5069CA2B80F9}.Debug|Any CPU.ActiveCfg = Debug|Any CPU
		{07D22FF9-2862-4DA3-9850-5069CA2B80F9}.Debug|Any CPU.Build.0 = Debug|Any CPU
		{07D22FF9-2862-4DA3-9850-5069CA2B80F9}.Release|Any CPU.ActiveCfg = Release|Any CPU
		{07D22FF9-2862-4DA3-9850-5069CA2B80F9}.Release|Any CPU.Build.0 = Release|Any CPU
		{07D22FF9-2862-4DA3-9850-5069CA2B80F9}.UAT|Any CPU.ActiveCfg = Release|Any CPU
		{07D22FF9-2862-4DA3-9850-5069CA2B80F9}.UAT|Any CPU.Build.0 = Release|Any CPU
		{A4050C4E-171F-464C-872C-77DA5102533E}.Debug|Any CPU.ActiveCfg = Debug|Any CPU
		{A4050C4E-171F-464C-872C-77DA5102533E}.Debug|Any CPU.Build.0 = Debug|Any CPU
		{A4050C4E-171F-464C-872C-77DA5102533E}.Release|Any CPU.ActiveCfg = Release|Any CPU
		{A4050C4E-171F-464C-872C-77DA5102533E}.Release|Any CPU.Build.0 = Release|Any CPU
		{A4050C4E-171F-464C-872C-77DA5102533E}.UAT|Any CPU.ActiveCfg = Release|Any CPU
		{A4050C4E-171F-464C-872C-77DA5102533E}.UAT|Any CPU.Build.0 = Release|Any CPU
		{14B7CD03-883F-4C92-97C7-4B393C5F2D58}.Debug|Any CPU.ActiveCfg = Debug|Any CPU
		{14B7CD03-883F-4C92-97C7-4B393C5F2D58}.Debug|Any CPU.Build.0 = Debug|Any CPU
		{14B7CD03-883F-4C92-97C7-4B393C5F2D58}.Release|Any CPU.ActiveCfg = Release|Any CPU
		{14B7CD03-883F-4C92-97C7-4B393C5F2D58}.Release|Any CPU.Build.0 = Release|Any CPU
		{14B7CD03-883F-4C92-97C7-4B393C5F2D58}.UAT|Any CPU.ActiveCfg = Release|Any CPU
		{14B7CD03-883F-4C92-97C7-4B393C5F2D58}.UAT|Any CPU.Build.0 = Release|Any CPU
		{E6711F3C-79C3-4D11-B29B-27BDDBD505EE}.Debug|Any CPU.ActiveCfg = Debug|Any CPU
		{E6711F3C-79C3-4D11-B29B-27BDDBD505EE}.Debug|Any CPU.Build.0 = Debug|Any CPU
		{E6711F3C-79C3-4D11-B29B-27BDDBD505EE}.Release|Any CPU.ActiveCfg = Release|Any CPU
		{E6711F3C-79C3-4D11-B29B-27BDDBD505EE}.Release|Any CPU.Build.0 = Release|Any CPU
		{E6711F3C-79C3-4D11-B29B-27BDDBD505EE}.UAT|Any CPU.ActiveCfg = Release|Any CPU
		{E6711F3C-79C3-4D11-B29B-27BDDBD505EE}.UAT|Any CPU.Build.0 = Release|Any CPU
		{4EE75651-425E-46C5-9A07-179A94ECF2EA}.Debug|Any CPU.ActiveCfg = Debug|Any CPU
		{4EE75651-425E-46C5-9A07-179A94ECF2EA}.Debug|Any CPU.Build.0 = Debug|Any CPU
		{4EE75651-425E-46C5-9A07-179A94ECF2EA}.Release|Any CPU.ActiveCfg = Release|Any CPU
		{4EE75651-425E-46C5-9A07-179A94ECF2EA}.Release|Any CPU.Build.0 = Release|Any CPU
		{4EE75651-425E-46C5-9A07-179A94ECF2EA}.UAT|Any CPU.ActiveCfg = Release|Any CPU
		{4EE75651-425E-46C5-9A07-179A94ECF2EA}.UAT|Any CPU.Build.0 = Release|Any CPU
		{3D52E05E-21F7-47BB-8361-594941F49534}.Debug|Any CPU.ActiveCfg = Debug|Any CPU
		{3D52E05E-21F7-47BB-8361-594941F49534}.Debug|Any CPU.Build.0 = Debug|Any CPU
		{3D52E05E-21F7-47BB-8361-594941F49534}.Release|Any CPU.ActiveCfg = Release|Any CPU
		{3D52E05E-21F7-47BB-8361-594941F49534}.Release|Any CPU.Build.0 = Release|Any CPU
		{3D52E05E-21F7-47BB-8361-594941F49534}.UAT|Any CPU.ActiveCfg = Release|Any CPU
		{3D52E05E-21F7-47BB-8361-594941F49534}.UAT|Any CPU.Build.0 = Release|Any CPU
		{52CCE297-BA52-4AB4-B783-DFAB4C08813D}.Debug|Any CPU.ActiveCfg = Debug|Any CPU
		{52CCE297-BA52-4AB4-B783-DFAB4C08813D}.Debug|Any CPU.Build.0 = Debug|Any CPU
		{52CCE297-BA52-4AB4-B783-DFAB4C08813D}.Release|Any CPU.ActiveCfg = Release|Any CPU
		{52CCE297-BA52-4AB4-B783-DFAB4C08813D}.Release|Any CPU.Build.0 = Release|Any CPU
		{52CCE297-BA52-4AB4-B783-DFAB4C08813D}.UAT|Any CPU.ActiveCfg = UAT|Any CPU
		{52CCE297-BA52-4AB4-B783-DFAB4C08813D}.UAT|Any CPU.Build.0 = UAT|Any CPU
		{49C767D6-3957-44A9-BF91-DC4424890105}.Debug|Any CPU.ActiveCfg = Debug|Any CPU
		{49C767D6-3957-44A9-BF91-DC4424890105}.Debug|Any CPU.Build.0 = Debug|Any CPU
		{49C767D6-3957-44A9-BF91-DC4424890105}.Release|Any CPU.ActiveCfg = Release|Any CPU
		{49C767D6-3957-44A9-BF91-DC4424890105}.Release|Any CPU.Build.0 = Release|Any CPU
		{49C767D6-3957-44A9-BF91-DC4424890105}.UAT|Any CPU.ActiveCfg = Release|Any CPU
		{49C767D6-3957-44A9-BF91-DC4424890105}.UAT|Any CPU.Build.0 = Release|Any CPU
		{3AD560C8-63E7-48CF-89F8-805F92171124}.Debug|Any CPU.ActiveCfg = Debug|Any CPU
		{3AD560C8-63E7-48CF-89F8-805F92171124}.Debug|Any CPU.Build.0 = Debug|Any CPU
		{3AD560C8-63E7-48CF-89F8-805F92171124}.Release|Any CPU.ActiveCfg = Release|Any CPU
		{3AD560C8-63E7-48CF-89F8-805F92171124}.Release|Any CPU.Build.0 = Release|Any CPU
		{3AD560C8-63E7-48CF-89F8-805F92171124}.UAT|Any CPU.ActiveCfg = Release|Any CPU
		{3AD560C8-63E7-48CF-89F8-805F92171124}.UAT|Any CPU.Build.0 = Release|Any CPU
		{74017923-6AA8-4419-AD41-1F4DE3833AA2}.Debug|Any CPU.ActiveCfg = Debug|Any CPU
		{74017923-6AA8-4419-AD41-1F4DE3833AA2}.Debug|Any CPU.Build.0 = Debug|Any CPU
		{74017923-6AA8-4419-AD41-1F4DE3833AA2}.Release|Any CPU.ActiveCfg = Release|Any CPU
		{74017923-6AA8-4419-AD41-1F4DE3833AA2}.Release|Any CPU.Build.0 = Release|Any CPU
		{74017923-6AA8-4419-AD41-1F4DE3833AA2}.UAT|Any CPU.ActiveCfg = Release|Any CPU
		{74017923-6AA8-4419-AD41-1F4DE3833AA2}.UAT|Any CPU.Build.0 = Release|Any CPU
		{6F80D500-DDA4-4A48-BAF1-276C8E48AF5C}.Debug|Any CPU.ActiveCfg = Debug|Any CPU
		{6F80D500-DDA4-4A48-BAF1-276C8E48AF5C}.Debug|Any CPU.Build.0 = Debug|Any CPU
		{6F80D500-DDA4-4A48-BAF1-276C8E48AF5C}.Release|Any CPU.ActiveCfg = Release|Any CPU
		{6F80D500-DDA4-4A48-BAF1-276C8E48AF5C}.Release|Any CPU.Build.0 = Release|Any CPU
		{6F80D500-DDA4-4A48-BAF1-276C8E48AF5C}.UAT|Any CPU.ActiveCfg = Release|Any CPU
		{6F80D500-DDA4-4A48-BAF1-276C8E48AF5C}.UAT|Any CPU.Build.0 = Release|Any CPU
		{9053A535-3A79-4536-8901-970933ECB202}.Debug|Any CPU.ActiveCfg = Debug|Any CPU
		{9053A535-3A79-4536-8901-970933ECB202}.Debug|Any CPU.Build.0 = Debug|Any CPU
		{9053A535-3A79-4536-8901-970933ECB202}.Release|Any CPU.ActiveCfg = Release|Any CPU
		{9053A535-3A79-4536-8901-970933ECB202}.Release|Any CPU.Build.0 = Release|Any CPU
		{9053A535-3A79-4536-8901-970933ECB202}.UAT|Any CPU.ActiveCfg = Release|Any CPU
		{9053A535-3A79-4536-8901-970933ECB202}.UAT|Any CPU.Build.0 = Release|Any CPU
		{7D751C02-B695-4C60-B6BC-CE0B351E8F04}.Debug|Any CPU.ActiveCfg = Debug|Any CPU
		{7D751C02-B695-4C60-B6BC-CE0B351E8F04}.Debug|Any CPU.Build.0 = Debug|Any CPU
		{7D751C02-B695-4C60-B6BC-CE0B351E8F04}.Release|Any CPU.ActiveCfg = Release|Any CPU
		{7D751C02-B695-4C60-B6BC-CE0B351E8F04}.Release|Any CPU.Build.0 = Release|Any CPU
		{7D751C02-B695-4C60-B6BC-CE0B351E8F04}.UAT|Any CPU.ActiveCfg = UAT|Any CPU
		{7D751C02-B695-4C60-B6BC-CE0B351E8F04}.UAT|Any CPU.Build.0 = UAT|Any CPU
		{E730D232-051D-4B99-A5EE-E0CAD7C67228}.Debug|Any CPU.ActiveCfg = Debug|Any CPU
		{E730D232-051D-4B99-A5EE-E0CAD7C67228}.Debug|Any CPU.Build.0 = Debug|Any CPU
		{E730D232-051D-4B99-A5EE-E0CAD7C67228}.Release|Any CPU.ActiveCfg = Release|Any CPU
		{E730D232-051D-4B99-A5EE-E0CAD7C67228}.Release|Any CPU.Build.0 = Release|Any CPU
		{E730D232-051D-4B99-A5EE-E0CAD7C67228}.UAT|Any CPU.ActiveCfg = Release|Any CPU
		{E730D232-051D-4B99-A5EE-E0CAD7C67228}.UAT|Any CPU.Build.0 = Release|Any CPU
		{287A7A76-88A0-4CBE-AD54-2B6D32FED830}.Debug|Any CPU.ActiveCfg = Debug|Any CPU
		{287A7A76-88A0-4CBE-AD54-2B6D32FED830}.Debug|Any CPU.Build.0 = Debug|Any CPU
		{287A7A76-88A0-4CBE-AD54-2B6D32FED830}.Release|Any CPU.ActiveCfg = Release|Any CPU
		{287A7A76-88A0-4CBE-AD54-2B6D32FED830}.Release|Any CPU.Build.0 = Release|Any CPU
		{287A7A76-88A0-4CBE-AD54-2B6D32FED830}.UAT|Any CPU.ActiveCfg = Release|Any CPU
		{287A7A76-88A0-4CBE-AD54-2B6D32FED830}.UAT|Any CPU.Build.0 = Release|Any CPU
	EndGlobalSection
	GlobalSection(SolutionProperties) = preSolution
		HideSolutionNode = FALSE
	EndGlobalSection
	GlobalSection(NestedProjects) = preSolution
		{8941C3BF-8638-48E3-B55D-6C1CF4258D77} = {FC482C53-52C4-4336-9A79-C1B6DE4417BE}
		{DE766FE8-1094-46D3-8722-3FF7CF4D5458} = {46D437A7-BC19-488F-82CC-1F21A25CF0A1}
		{A85C6B41-A3E8-4989-9F93-F3F2B6CFEC0F} = {46D437A7-BC19-488F-82CC-1F21A25CF0A1}
		{07D22FF9-2862-4DA3-9850-5069CA2B80F9} = {FC482C53-52C4-4336-9A79-C1B6DE4417BE}
		{A4050C4E-171F-464C-872C-77DA5102533E} = {2969C296-9B68-4629-9C5E-0299618F5054}
		{14B7CD03-883F-4C92-97C7-4B393C5F2D58} = {46D437A7-BC19-488F-82CC-1F21A25CF0A1}
		{E6711F3C-79C3-4D11-B29B-27BDDBD505EE} = {FC482C53-52C4-4336-9A79-C1B6DE4417BE}
		{4EE75651-425E-46C5-9A07-179A94ECF2EA} = {46D437A7-BC19-488F-82CC-1F21A25CF0A1}
		{3D52E05E-21F7-47BB-8361-594941F49534} = {FC482C53-52C4-4336-9A79-C1B6DE4417BE}
		{52CCE297-BA52-4AB4-B783-DFAB4C08813D} = {FC482C53-52C4-4336-9A79-C1B6DE4417BE}
		{49C767D6-3957-44A9-BF91-DC4424890105} = {46D437A7-BC19-488F-82CC-1F21A25CF0A1}
		{3AD560C8-63E7-48CF-89F8-805F92171124} = {46D437A7-BC19-488F-82CC-1F21A25CF0A1}
		{74017923-6AA8-4419-AD41-1F4DE3833AA2} = {46D437A7-BC19-488F-82CC-1F21A25CF0A1}
		{6F80D500-DDA4-4A48-BAF1-276C8E48AF5C} = {46D437A7-BC19-488F-82CC-1F21A25CF0A1}
		{9053A535-3A79-4536-8901-970933ECB202} = {2969C296-9B68-4629-9C5E-0299618F5054}
		{7D751C02-B695-4C60-B6BC-CE0B351E8F04} = {FC482C53-52C4-4336-9A79-C1B6DE4417BE}
		{E730D232-051D-4B99-A5EE-E0CAD7C67228} = {FC482C53-52C4-4336-9A79-C1B6DE4417BE}
		{287A7A76-88A0-4CBE-AD54-2B6D32FED830} = {46D437A7-BC19-488F-82CC-1F21A25CF0A1}
	EndGlobalSection
	GlobalSection(ExtensibilityGlobals) = postSolution
		SolutionGuid = {D1D36BB5-3720-4CC0-BF36-4F26CDEFD6F5}
	EndGlobalSection
EndGlobal
